{
  "name": "publish_npm",
  "lockfileVersion": 3,
  "requires": true,
  "packages": {
    "": {
      "dependencies": {
        "annu": "^1.0.0"
      }
    },
    "node_modules/annu": {
      "version": "1.0.0",
      "resolved": "https://registry.npmjs.org/annu/-/annu-1.0.0.tgz",
      "integrity": "sha512-pcnGfzQhQZ1DVQj22EOjHvq8HKlxTH6ny6ow7iMTzf+G54zfyXom7KjHuDj9eHtwf45FYIRA1aA52+4TQ7hBDQ=="
    }
  }
}
