{
    "name": "NPM",
    "lockfileVersion": 3,
    "requires": true,
    "packages": {
        "": {
            "dependencies": {
                "annu": "^1.0.1",
                "date-fns": "^4.1.0"
            }
        },
        "node_modules/annu": {
            "version": "1.0.1",
            "resolved": "https://registry.npmjs.org/annu/-/annu-1.0.1.tgz",
            "integrity": "sha512-aHKfO7CamcuDitEIButrIX2clLmHZ0GlyZN7fTe311YSzoz63r0FCUZufBP/N5fBhoNlBTXBvEr3Ci2yloB53g=="
        },
        "node_modules/date-fns": {
            "version": "4.1.0",
            "resolved": "https://registry.npmjs.org/date-fns/-/date-fns-4.1.0.tgz",
            "integrity": "sha512-Ukq0owbQXxa/U3EGtsdVBkR1w7KOQ5gIBqdH2hkvknzZPYvBxb/aa6E8L7tmjFtkwZBu3UXBbjIgPo/Ez4xaNg==",
            "license": "MIT",
            "funding": {
                "type": "github",
                "url": "https://github.com/sponsors/kossnocorp"
            }
        }
    }
}
