{
  "name": "cli-assiment",
  "lockfileVersion": 3,
  "requires": true,
  "packages": {
    "": {
      "dependencies": {
        "counter-words": "^1.0.3"
      }
    },
    "node_modules/counter-words": {
      "version": "1.0.3",
      "resolved": "https://registry.npmjs.org/counter-words/-/counter-words-1.0.3.tgz",
      "integrity": "sha512-ofF/NYhPITpYQI1cUTtA+4IGbr0c5QhGKCO4hPxwq7qqVPHGN/UcwV+3h1PMv302+Ht7/UIJJ+BMpptMhpnnJQ=="
    }
  }
}
